
Microsoft Visual Studio Solution File, Format Version 12.00
# Visual Studio Version 16
VisualStudioVersion = 25.0.1704.2
MinimumVisualStudioVersion = 10.0.40219.1
Project("{FAE04EC0-301F-11D3-BF4B-00C04F79EFBC}") = "SuperHero-API", "SuperHero-API\SuperHero-API.csproj", "{164F27C5-4B45-4C6C-9088-19676B2704FF}"
EndProject
Global
	GlobalSection(SolutionConfigurationPlatforms) = preSolution
		Debug|Any CPU = Debug|Any CPU
		Release|Any CPU = Release|Any CPU
	EndGlobalSection
	GlobalSection(ProjectConfigurationPlatforms) = postSolution
		{164F27C5-4B45-4C6C-9088-19676B2704FF}.Debug|Any CPU.ActiveCfg = Debug|Any CPU
		{164F27C5-4B45-4C6C-9088-19676B2704FF}.Debug|Any CPU.Build.0 = Debug|Any CPU
		{164F27C5-4B45-4C6C-9088-19676B2704FF}.Release|Any CPU.ActiveCfg = Release|Any CPU
		{164F27C5-4B45-4C6C-9088-19676B2704FF}.Release|Any CPU.Build.0 = Release|Any CPU
	EndGlobalSection
	GlobalSection(SolutionProperties) = preSolution
		HideSolutionNode = FALSE
	EndGlobalSection
	GlobalSection(ExtensibilityGlobals) = postSolution
		SolutionGuid = {B80B632D-9ED1-41E6-B42A-27137B6CD6F8}
	EndGlobalSection
EndGlobal
